// !$*UTF8*$!
{
	archiveVersion = 1;
	classes = {
	};
	objectVersion = 56;
	objects = {

/* Begin PBXBuildFile section */
		181D602C2947638B001E0F39 /* AppDelegate.swift in Sources */ = {isa = PBXBuildFile; fileRef = 181D602B2947638B001E0F39 /* AppDelegate.swift */; };
		181D602E2947638B001E0F39 /* SceneDelegate.swift in Sources */ = {isa = PBXBuildFile; fileRef = 181D602D2947638B001E0F39 /* SceneDelegate.swift */; };
		181D60302947638B001E0F39 /* ViewController.swift in Sources */ = {isa = PBXBuildFile; fileRef = 181D602F2947638B001E0F39 /* ViewController.swift */; };
		181D60332947638B001E0F39 /* Main.storyboard in Resources */ = {isa = PBXBuildFile; fileRef = 181D60312947638B001E0F39 /* Main.storyboard */; };
		181D60352947638D001E0F39 /* Assets.xcassets in Resources */ = {isa = PBXBuildFile; fileRef = 181D60342947638D001E0F39 /* Assets.xcassets */; };
		181D60382947638D001E0F39 /* LaunchScreen.storyboard in Resources */ = {isa = PBXBuildFile; fileRef = 181D60362947638D001E0F39 /* LaunchScreen.storyboard */; };
		18B697472955D9B500DC9B3A /* InfoGoastViewController.swift in Sources */ = {isa = PBXBuildFile; fileRef = 18B697462955D9B500DC9B3A /* InfoGoastViewController.swift */; };
		18B697492955D9E400DC9B3A /* UIVC+Extension.swift in Sources */ = {isa = PBXBuildFile; fileRef = 18B697482955D9E400DC9B3A /* UIVC+Extension.swift */; };
		18B6974B2955DA2600DC9B3A /* CheckViewController.swift in Sources */ = {isa = PBXBuildFile; fileRef = 18B6974A2955DA2600DC9B3A /* CheckViewController.swift */; };
		18B6974D2955DA6000DC9B3A /* CheckInfoModel.swift in Sources */ = {isa = PBXBuildFile; fileRef = 18B6974C2955DA6000DC9B3A /* CheckInfoModel.swift */; };
/* End PBXBuildFile section */

/* Begin PBXFileReference section */
		181D60282947638B001E0F39 /* repochka.app */ = {isa = PBXFileReference; explicitFileType = wrapper.application; includeInIndex = 0; path = repochka.app; sourceTree = BUILT_PRODUCTS_DIR; };
		181D602B2947638B001E0F39 /* AppDelegate.swift */ = {isa = PBXFileReference; lastKnownFileType = sourcecode.swift; path = AppDelegate.swift; sourceTree = "<group>"; };
		181D602D2947638B001E0F39 /* SceneDelegate.swift */ = {isa = PBXFileReference; lastKnownFileType = sourcecode.swift; path = SceneDelegate.swift; sourceTree = "<group>"; };
		181D602F2947638B001E0F39 /* ViewController.swift */ = {isa = PBXFileReference; lastKnownFileType = sourcecode.swift; path = ViewController.swift; sourceTree = "<group>"; };
		181D60322947638B001E0F39 /* Base */ = {isa = PBXFileReference; lastKnownFileType = file.storyboard; name = Base; path = Base.lproj/Main.storyboard; sourceTree = "<group>"; };
		181D60342947638D001E0F39 /* Assets.xcassets */ = {isa = PBXFileReference; lastKnownFileType = folder.assetcatalog; path = Assets.xcassets; sourceTree = "<group>"; };
		181D60372947638D001E0F39 /* Base */ = {isa = PBXFileReference; lastKnownFileType = file.storyboard; name = Base; path = Base.lproj/LaunchScreen.storyboard; sourceTree = "<group>"; };
		181D60392947638D001E0F39 /* Info.plist */ = {isa = PBXFileReference; lastKnownFileType = text.plist.xml; path = Info.plist; sourceTree = "<group>"; };
		18B697462955D9B500DC9B3A /* InfoGoastViewController.swift */ = {isa = PBXFileReference; lastKnownFileType = sourcecode.swift; path = InfoGoastViewController.swift; sourceTree = "<group>"; };
		18B697482955D9E400DC9B3A /* UIVC+Extension.swift */ = {isa = PBXFileReference; lastKnownFileType = sourcecode.swift; path = "UIVC+Extension.swift"; sourceTree = "<group>"; };
		18B6974A2955DA2600DC9B3A /* CheckViewController.swift */ = {isa = PBXFileReference; lastKnownFileType = sourcecode.swift; path = CheckViewController.swift; sourceTree = "<group>"; };
		18B6974C2955DA6000DC9B3A /* CheckInfoModel.swift */ = {isa = PBXFileReference; lastKnownFileType = sourcecode.swift; path = CheckInfoModel.swift; sourceTree = "<group>"; };
/* End PBXFileReference section */

/* Begin PBXFrameworksBuildPhase section */
		181D60252947638B001E0F39 /* Frameworks */ = {
			isa = PBXFrameworksBuildPhase;
			buildActionMask = 2147483647;
			files = (
			);
			runOnlyForDeploymentPostprocessing = 0;
		};
/* End PBXFrameworksBuildPhase section */

/* Begin PBXGroup section */
		181D601F2947638B001E0F39 = {
			isa = PBXGroup;
			children = (
				181D602A2947638B001E0F39 /* repochka */,
				181D60292947638B001E0F39 /* Products */,
			);
			sourceTree = "<group>";
		};
		181D60292947638B001E0F39 /* Products */ = {
			isa = PBXGroup;
			children = (
				181D60282947638B001E0F39 /* repochka.app */,
			);
			name = Products;
			sourceTree = "<group>";
		};
		181D602A2947638B001E0F39 /* repochka */ = {
			isa = PBXGroup;
			children = (
				181D602B2947638B001E0F39 /* AppDelegate.swift */,
				181D602D2947638B001E0F39 /* SceneDelegate.swift */,
				181D602F2947638B001E0F39 /* ViewController.swift */,
				18B697462955D9B500DC9B3A /* InfoGoastViewController.swift */,
				18B6974A2955DA2600DC9B3A /* CheckViewController.swift */,
				18B6974C2955DA6000DC9B3A /* CheckInfoModel.swift */,
				18B697482955D9E400DC9B3A /* UIVC+Extension.swift */,
				181D60312947638B001E0F39 /* Main.storyboard */,
				181D60342947638D001E0F39 /* Assets.xcassets */,
				181D60362947638D001E0F39 /* LaunchScreen.storyboard */,
				181D60392947638D001E0F39 /* Info.plist */,
			);
			path = repochka;
			sourceTree = "<group>";
		};
/* End PBXGroup section */

/* Begin PBXNativeTarget section */
		181D60272947638B001E0F39 /* repochka */ = {
			isa = PBXNativeTarget;
			buildConfigurationList = 181D603C2947638D001E0F39 /* Build configuration list for PBXNativeTarget "repochka" */;
			buildPhases = (
				181D60242947638B001E0F39 /* Sources */,
				181D60252947638B001E0F39 /* Frameworks */,
				181D60262947638B001E0F39 /* Resources */,
			);
			buildRules = (
			);
			dependencies = (
			);
			name = repochka;
			productName = repochka;
			productReference = 181D60282947638B001E0F39 /* repochka.app */;
			productType = "com.apple.product-type.application";
		};
/* End PBXNativeTarget section */

/* Begin PBXProject section */
		181D60202947638B001E0F39 /* Project object */ = {
			isa = PBXProject;
			attributes = {
				BuildIndependentTargetsInParallel = 1;
				LastSwiftUpdateCheck = 1410;
				LastUpgradeCheck = 1410;
				TargetAttributes = {
					181D60272947638B001E0F39 = {
						CreatedOnToolsVersion = 14.1;
					};
				};
			};
			buildConfigurationList = 181D60232947638B001E0F39 /* Build configuration list for PBXProject "repochka" */;
			compatibilityVersion = "Xcode 14.0";
			developmentRegion = en;
			hasScannedForEncodings = 0;
			knownRegions = (
				en,
				Base,
			);
			mainGroup = 181D601F2947638B001E0F39;
			productRefGroup = 181D60292947638B001E0F39 /* Products */;
			projectDirPath = "";
			projectRoot = "";
			targets = (
				181D60272947638B001E0F39 /* repochka */,
			);
		};
/* End PBXProject section */

/* Begin PBXResourcesBuildPhase section */
		181D60262947638B001E0F39 /* Resources */ = {
			isa = PBXResourcesBuildPhase;
			buildActionMask = 2147483647;
			files = (
				181D60382947638D001E0F39 /* LaunchScreen.storyboard in Resources */,
				181D60352947638D001E0F39 /* Assets.xcassets in Resources */,
				181D60332947638B001E0F39 /* Main.storyboard in Resources */,
			);
			runOnlyForDeploymentPostprocessing = 0;
		};
/* End PBXResourcesBuildPhase section */

/* Begin PBXSourcesBuildPhase section */
		181D60242947638B001E0F39 /* Sources */ = {
			isa = PBXSourcesBuildPhase;
			buildActionMask = 2147483647;
			files = (
				18B697492955D9E400DC9B3A /* UIVC+Extension.swift in Sources */,
				181D60302947638B001E0F39 /* ViewController.swift in Sources */,
				18B697472955D9B500DC9B3A /* InfoGoastViewController.swift in Sources */,
				18B6974B2955DA2600DC9B3A /* CheckViewController.swift in Sources */,
				181D602C2947638B001E0F39 /* AppDelegate.swift in Sources */,
				18B6974D2955DA6000DC9B3A /* CheckInfoModel.swift in Sources */,
				181D602E2947638B001E0F39 /* SceneDelegate.swift in Sources */,
			);
			runOnlyForDeploymentPostprocessing = 0;
		};
/* End PBXSourcesBuildPhase section */

/* Begin PBXVariantGroup section */
		181D60312947638B001E0F39 /* Main.storyboard */ = {
			isa = PBXVariantGroup;
			children = (
				181D60322947638B001E0F39 /* Base */,
			);
			name = Main.storyboard;
			sourceTree = "<group>";
		};
		181D60362947638D001E0F39 /* LaunchScreen.storyboard */ = {
			isa = PBXVariantGroup;
			children = (
				181D60372947638D001E0F39 /* Base */,
			);
			name = LaunchScreen.storyboard;
			sourceTree = "<group>";
		};
/* End PBXVariantGroup section */

/* Begin XCBuildConfiguration section */
		181D603A2947638D001E0F39 /* Debug */ = {
			isa = XCBuildConfiguration;
			buildSettings = {
				ALWAYS_SEARCH_USER_PATHS = NO;
				CLANG_ANALYZER_NONNULL = YES;
				CLANG_ANALYZER_NUMBER_OBJECT_CONVERSION = YES_AGGRESSIVE;
				CLANG_CXX_LANGUAGE_STANDARD = "gnu++20";
				CLANG_ENABLE_MODULES = YES;
				CLANG_ENABLE_OBJC_ARC = YES;
				CLANG_ENABLE_OBJC_WEAK = YES;
				CLANG_WARN_BLOCK_CAPTURE_AUTORELEASING = YES;
				CLANG_WARN_BOOL_CONVERSION = YES;
				CLANG_WARN_COMMA = YES;
				CLANG_WARN_CONSTANT_CONVERSION = YES;
				CLANG_WARN_DEPRECATED_OBJC_IMPLEMENTATIONS = YES;
				CLANG_WARN_DIRECT_OBJC_ISA_USAGE = YES_ERROR;
				CLANG_WARN_DOCUMENTATION_COMMENTS = YES;
				CLANG_WARN_EMPTY_BODY = YES;
				CLANG_WARN_ENUM_CONVERSION = YES;
				CLANG_WARN_INFINITE_RECURSION = YES;
				CLANG_WARN_INT_CONVERSION = YES;
				CLANG_WARN_NON_LITERAL_NULL_CONVERSION = YES;
				CLANG_WARN_OBJC_IMPLICIT_RETAIN_SELF = YES;
				CLANG_WARN_OBJC_LITERAL_CONVERSION = YES;
				CLANG_WARN_OBJC_ROOT_CLASS = YES_ERROR;
				CLANG_WARN_QUOTED_INCLUDE_IN_FRAMEWORK_HEADER = YES;
				CLANG_WARN_RANGE_LOOP_ANALYSIS = YES;
				CLANG_WARN_STRICT_PROTOTYPES = YES;
				CLANG_WARN_SUSPICIOUS_MOVE = YES;
				CLANG_WARN_UNGUARDED_AVAILABILITY = YES_AGGRESSIVE;
				CLANG_WARN_UNREACHABLE_CODE = YES;
				CLANG_WARN__DUPLICATE_METHOD_MATCH = YES;
				COPY_PHASE_STRIP = NO;
				DEBUG_INFORMATION_FORMAT = dwarf;
				ENABLE_STRICT_OBJC_MSGSEND = YES;
				ENABLE_TESTABILITY = YES;
				GCC_C_LANGUAGE_STANDARD = gnu11;
				GCC_DYNAMIC_NO_PIC = NO;
				GCC_NO_COMMON_BLOCKS = YES;
				GCC_OPTIMIZATION_LEVEL = 0;
				GCC_PREPROCESSOR_DEFINITIONS = (
					"DEBUG=1",
					"$(inherited)",
				);
				GCC_WARN_64_TO_32_BIT_CONVERSION = YES;
				GCC_WARN_ABOUT_RETURN_TYPE = YES_ERROR;
				GCC_WARN_UNDECLARED_SELECTOR = YES;
				GCC_WARN_UNINITIALIZED_AUTOS = YES_AGGRESSIVE;
				GCC_WARN_UNUSED_FUNCTION = YES;
				GCC_WARN_UNUSED_VARIABLE = YES;
				IPHONEOS_DEPLOYMENT_TARGET = 16.1;
				MTL_ENABLE_DEBUG_INFO = INCLUDE_SOURCE;
				MTL_FAST_MATH = YES;
				ONLY_ACTIVE_ARCH = YES;
				SDKROOT = iphoneos;
				SWIFT_ACTIVE_COMPILATION_CONDITIONS = DEBUG;
				SWIFT_OPTIMIZATION_LEVEL = "-Onone";
			};
			name = Debug;
		};
		181D603B2947638D001E0F39 /* Release */ = {
			isa = XCBuildConfiguration;
			buildSettings = {
				ALWAYS_SEARCH_USER_PATHS = NO;
				CLANG_ANALYZER_NONNULL = YES;
				CLANG_ANALYZER_NUMBER_OBJECT_CONVERSION = YES_AGGRESSIVE;
				CLANG_CXX_LANGUAGE_STANDARD = "gnu++20";
				CLANG_ENABLE_MODULES = YES;
				CLANG_ENABLE_OBJC_ARC = YES;
				CLANG_ENABLE_OBJC_WEAK = YES;
				CLANG_WARN_BLOCK_CAPTURE_AUTORELEASING = YES;
				CLANG_WARN_BOOL_CONVERSION = YES;
				CLANG_WARN_COMMA = YES;
				CLANG_WARN_CONSTANT_CONVERSION = YES;
				CLANG_WARN_DEPRECATED_OBJC_IMPLEMENTATIONS = YES;
				CLANG_WARN_DIRECT_OBJC_ISA_USAGE = YES_ERROR;
				CLANG_WARN_DOCUMENTATION_COMMENTS = YES;
				CLANG_WARN_EMPTY_BODY = YES;
				CLANG_WARN_ENUM_CONVERSION = YES;
				CLANG_WARN_INFINITE_RECURSION = YES;
				CLANG_WARN_INT_CONVERSION = YES;
				CLANG_WARN_NON_LITERAL_NULL_CONVERSION = YES;
				CLANG_WARN_OBJC_IMPLICIT_RETAIN_SELF = YES;
				CLANG_WARN_OBJC_LITERAL_CONVERSION = YES;
				CLANG_WARN_OBJC_ROOT_CLASS = YES_ERROR;
				CLANG_WARN_QUOTED_INCLUDE_IN_FRAMEWORK_HEADER = YES;
				CLANG_WARN_RANGE_LOOP_ANALYSIS = YES;
				CLANG_WARN_STRICT_PROTOTYPES = YES;
				CLANG_WARN_SUSPICIOUS_MOVE = YES;
				CLANG_WARN_UNGUARDED_AVAILABILITY = YES_AGGRESSIVE;
				CLANG_WARN_UNREACHABLE_CODE = YES;
				CLANG_WARN__DUPLICATE_METHOD_MATCH = YES;
				COPY_PHASE_STRIP = NO;
				DEBUG_INFORMATION_FORMAT = "dwarf-with-dsym";
				ENABLE_NS_ASSERTIONS = NO;
				ENABLE_STRICT_OBJC_MSGSEND = YES;
				GCC_C_LANGUAGE_STANDARD = gnu11;
				GCC_NO_COMMON_BLOCKS = YES;
				GCC_WARN_64_TO_32_BIT_CONVERSION = YES;
				GCC_WARN_ABOUT_RETURN_TYPE = YES_ERROR;
				GCC_WARN_UNDECLARED_SELECTOR = YES;
				GCC_WARN_UNINITIALIZED_AUTOS = YES_AGGRESSIVE;
				GCC_WARN_UNUSED_FUNCTION = YES;
				GCC_WARN_UNUSED_VARIABLE = YES;
				IPHONEOS_DEPLOYMENT_TARGET = 16.1;
				MTL_ENABLE_DEBUG_INFO = NO;
				MTL_FAST_MATH = YES;
				SDKROOT = iphoneos;
				SWIFT_COMPILATION_MODE = wholemodule;
				SWIFT_OPTIMIZATION_LEVEL = "-O";
				VALIDATE_PRODUCT = YES;
			};
			name = Release;
		};
		181D603D2947638D001E0F39 /* Debug */ = {
			isa = XCBuildConfiguration;
			buildSettings = {
				ASSETCATALOG_COMPILER_APPICON_NAME = AppIcon;
				ASSETCATALOG_COMPILER_GLOBAL_ACCENT_COLOR_NAME = AccentColor;
				CODE_SIGN_STYLE = Automatic;
				CURRENT_PROJECT_VERSION = 1;
				DEVELOPMENT_TEAM = R5H4JGLB35;
				GENERATE_INFOPLIST_FILE = YES;
				INFOPLIST_FILE = repochka/Info.plist;
				INFOPLIST_KEY_UIApplicationSupportsIndirectInputEvents = YES;
				INFOPLIST_KEY_UILaunchStoryboardName = LaunchScreen;
				INFOPLIST_KEY_UIMainStoryboardFile = Main;
				INFOPLIST_KEY_UISupportedInterfaceOrientations_iPad = "UIInterfaceOrientationPortrait UIInterfaceOrientationPortraitUpsideDown UIInterfaceOrientationLandscapeLeft UIInterfaceOrientationLandscapeRight";
				INFOPLIST_KEY_UISupportedInterfaceOrientations_iPhone = "UIInterfaceOrientationPortrait UIInterfaceOrientationLandscapeLeft UIInterfaceOrientationLandscapeRight";
				LD_RUNPATH_SEARCH_PATHS = (
					"$(inherited)",
					"@executable_path/Frameworks",
				);
				MARKETING_VERSION = 1.0;
				PRODUCT_BUNDLE_IDENTIFIER = com.team.repochka;
				PRODUCT_NAME = "$(TARGET_NAME)";
				SWIFT_EMIT_LOC_STRINGS = YES;
				SWIFT_VERSION = 5.0;
				TARGETED_DEVICE_FAMILY = "1,2";
			};
			name = Debug;
		};
		181D603E2947638D001E0F39 /* Release */ = {
			isa = XCBuildConfiguration;
			buildSettings = {
				ASSETCATALOG_COMPILER_APPICON_NAME = AppIcon;
				ASSETCATALOG_COMPILER_GLOBAL_ACCENT_COLOR_NAME = AccentColor;
				CODE_SIGN_STYLE = Automatic;
				CURRENT_PROJECT_VERSION = 1;
				DEVELOPMENT_TEAM = R5H4JGLB35;
				GENERATE_INFOPLIST_FILE = YES;
				INFOPLIST_FILE = repochka/Info.plist;
				INFOPLIST_KEY_UIApplicationSupportsIndirectInputEvents = YES;
				INFOPLIST_KEY_UILaunchStoryboardName = LaunchScreen;
				INFOPLIST_KEY_UIMainStoryboardFile = Main;
				INFOPLIST_KEY_UISupportedInterfaceOrientations_iPad = "UIInterfaceOrientationPortrait UIInterfaceOrientationPortraitUpsideDown UIInterfaceOrientationLandscapeLeft UIInterfaceOrientationLandscapeRight";
				INFOPLIST_KEY_UISupportedInterfaceOrientations_iPhone = "UIInterfaceOrientationPortrait UIInterfaceOrientationLandscapeLeft UIInterfaceOrientationLandscapeRight";
				LD_RUNPATH_SEARCH_PATHS = (
					"$(inherited)",
					"@executable_path/Frameworks",
				);
				MARKETING_VERSION = 1.0;
				PRODUCT_BUNDLE_IDENTIFIER = com.team.repochka;
				PRODUCT_NAME = "$(TARGET_NAME)";
				SWIFT_EMIT_LOC_STRINGS = YES;
				SWIFT_VERSION = 5.0;
				TARGETED_DEVICE_FAMILY = "1,2";
			};
			name = Release;
		};
/* End XCBuildConfiguration section */

/* Begin XCConfigurationList section */
		181D60232947638B001E0F39 /* Build configuration list for PBXProject "repochka" */ = {
			isa = XCConfigurationList;
			buildConfigurations = (
				181D603A2947638D001E0F39 /* Debug */,
				181D603B2947638D001E0F39 /* Release */,
			);
			defaultConfigurationIsVisible = 0;
			defaultConfigurationName = Release;
		};
		181D603C2947638D001E0F39 /* Build configuration list for PBXNativeTarget "repochka" */ = {
			isa = XCConfigurationList;
			buildConfigurations = (
				181D603D2947638D001E0F39 /* Debug */,
				181D603E2947638D001E0F39 /* Release */,
			);
			defaultConfigurationIsVisible = 0;
			defaultConfigurationName = Release;
		};
/* End XCConfigurationList section */
	};
	rootObject = 181D60202947638B001E0F39 /* Project object */;
}
